// !$*UTF8*$!
{
	archiveVersion = 1;
	classes = {
	};
	objectVersion = 56;
	objects = {

/* Begin PBXBuildFile section */
		E488876A2A140A720054D474 /* API.swift in Sources */ = {isa = PBXBuildFile; fileRef = E48887692A140A720054D474 /* API.swift */; };
		E48887712A140A830054D474 /* Genres.swift in Sources */ = {isa = PBXBuildFile; fileRef = E488876C2A140A830054D474 /* Genres.swift */; };
		E48887722A140A830054D474 /* Movies.swift in Sources */ = {isa = PBXBuildFile; fileRef = E488876D2A140A830054D474 /* Movies.swift */; };
		E48887732A140A830054D474 /* MoviesService.swift in Sources */ = {isa = PBXBuildFile; fileRef = E488876F2A140A830054D474 /* MoviesService.swift */; };
		E48887742A140A830054D474 /* MovieGenresService.swift in Sources */ = {isa = PBXBuildFile; fileRef = E48887702A140A830054D474 /* MovieGenresService.swift */; };
		E4DAEBAF2A14080100ACBDD9 /* APIError.swift in Sources */ = {isa = PBXBuildFile; fileRef = E4DAEBA32A14080100ACBDD9 /* APIError.swift */; };
		E4DAEBB02A14080100ACBDD9 /* APIClient.swift in Sources */ = {isa = PBXBuildFile; fileRef = E4DAEBA42A14080100ACBDD9 /* APIClient.swift */; };
		E4DAEBB12A14080100ACBDD9 /* URLRequest+Extensions.swift in Sources */ = {isa = PBXBuildFile; fileRef = E4DAEBA62A14080100ACBDD9 /* URLRequest+Extensions.swift */; };
		E4DAEBB22A14080100ACBDD9 /* URL+Extensions.swift in Sources */ = {isa = PBXBuildFile; fileRef = E4DAEBA72A14080100ACBDD9 /* URL+Extensions.swift */; };
		E4DAEBB32A14080100ACBDD9 /* URLResponse+Extensions.swift in Sources */ = {isa = PBXBuildFile; fileRef = E4DAEBA82A14080100ACBDD9 /* URLResponse+Extensions.swift */; };
		E4DAEBB42A14080100ACBDD9 /* RequestMethod.swift in Sources */ = {isa = PBXBuildFile; fileRef = E4DAEBA92A14080100ACBDD9 /* RequestMethod.swift */; };
		E4DAEBB62A14080100ACBDD9 /* ServiceTargetProtocol.swift in Sources */ = {isa = PBXBuildFile; fileRef = E4DAEBAC2A14080100ACBDD9 /* ServiceTargetProtocol.swift */; };
		E4DAEBB72A14080100ACBDD9 /* APIProtocol.swift in Sources */ = {isa = PBXBuildFile; fileRef = E4DAEBAD2A14080100ACBDD9 /* APIProtocol.swift */; };
		E4DAEBB82A14080100ACBDD9 /* URLSessionProtocol.swift in Sources */ = {isa = PBXBuildFile; fileRef = E4DAEBAE2A14080100ACBDD9 /* URLSessionProtocol.swift */; };
		E4DAEBBB2A14093400ACBDD9 /* APIKeys.swift in Sources */ = {isa = PBXBuildFile; fileRef = E4DAEBBA2A14093400ACBDD9 /* APIKeys.swift */; };
		E4F015F12A140742001C175B /* MovieDBApp.swift in Sources */ = {isa = PBXBuildFile; fileRef = E4F015F02A140742001C175B /* MovieDBApp.swift */; };
		E4F015F32A140742001C175B /* ContentView.swift in Sources */ = {isa = PBXBuildFile; fileRef = E4F015F22A140742001C175B /* ContentView.swift */; };
		E4F015F52A140743001C175B /* Assets.xcassets in Resources */ = {isa = PBXBuildFile; fileRef = E4F015F42A140743001C175B /* Assets.xcassets */; };
		E4F015F82A140743001C175B /* Preview Assets.xcassets in Resources */ = {isa = PBXBuildFile; fileRef = E4F015F72A140743001C175B /* Preview Assets.xcassets */; };
		E4F016022A140743001C175B /* MovieDBTests.swift in Sources */ = {isa = PBXBuildFile; fileRef = E4F016012A140743001C175B /* MovieDBTests.swift */; };
		E4F0160C2A140743001C175B /* MovieDBUITests.swift in Sources */ = {isa = PBXBuildFile; fileRef = E4F0160B2A140743001C175B /* MovieDBUITests.swift */; };
		E4F0160E2A140743001C175B /* MovieDBUITestsLaunchTests.swift in Sources */ = {isa = PBXBuildFile; fileRef = E4F0160D2A140743001C175B /* MovieDBUITestsLaunchTests.swift */; };
/* End PBXBuildFile section */

/* Begin PBXContainerItemProxy section */
		E4F015FE2A140743001C175B /* PBXContainerItemProxy */ = {
			isa = PBXContainerItemProxy;
			containerPortal = E4F015E52A140742001C175B /* Project object */;
			proxyType = 1;
			remoteGlobalIDString = E4F015EC2A140742001C175B;
			remoteInfo = MovieDB;
		};
		E4F016082A140743001C175B /* PBXContainerItemProxy */ = {
			isa = PBXContainerItemProxy;
			containerPortal = E4F015E52A140742001C175B /* Project object */;
			proxyType = 1;
			remoteGlobalIDString = E4F015EC2A140742001C175B;
			remoteInfo = MovieDB;
		};
/* End PBXContainerItemProxy section */

/* Begin PBXFileReference section */
		E48887692A140A720054D474 /* API.swift */ = {isa = PBXFileReference; fileEncoding = 4; lastKnownFileType = sourcecode.swift; path = API.swift; sourceTree = "<group>"; };
		E488876C2A140A830054D474 /* Genres.swift */ = {isa = PBXFileReference; fileEncoding = 4; lastKnownFileType = sourcecode.swift; path = Genres.swift; sourceTree = "<group>"; };
		E488876D2A140A830054D474 /* Movies.swift */ = {isa = PBXFileReference; fileEncoding = 4; lastKnownFileType = sourcecode.swift; path = Movies.swift; sourceTree = "<group>"; };
		E488876F2A140A830054D474 /* MoviesService.swift */ = {isa = PBXFileReference; fileEncoding = 4; lastKnownFileType = sourcecode.swift; path = MoviesService.swift; sourceTree = "<group>"; };
		E48887702A140A830054D474 /* MovieGenresService.swift */ = {isa = PBXFileReference; fileEncoding = 4; lastKnownFileType = sourcecode.swift; path = MovieGenresService.swift; sourceTree = "<group>"; };
		E4DAEBA32A14080100ACBDD9 /* APIError.swift */ = {isa = PBXFileReference; fileEncoding = 4; lastKnownFileType = sourcecode.swift; path = APIError.swift; sourceTree = "<group>"; };
		E4DAEBA42A14080100ACBDD9 /* APIClient.swift */ = {isa = PBXFileReference; fileEncoding = 4; lastKnownFileType = sourcecode.swift; path = APIClient.swift; sourceTree = "<group>"; };
		E4DAEBA62A14080100ACBDD9 /* URLRequest+Extensions.swift */ = {isa = PBXFileReference; fileEncoding = 4; lastKnownFileType = sourcecode.swift; path = "URLRequest+Extensions.swift"; sourceTree = "<group>"; };
		E4DAEBA72A14080100ACBDD9 /* URL+Extensions.swift */ = {isa = PBXFileReference; fileEncoding = 4; lastKnownFileType = sourcecode.swift; path = "URL+Extensions.swift"; sourceTree = "<group>"; };
		E4DAEBA82A14080100ACBDD9 /* URLResponse+Extensions.swift */ = {isa = PBXFileReference; fileEncoding = 4; lastKnownFileType = sourcecode.swift; path = "URLResponse+Extensions.swift"; sourceTree = "<group>"; };
		E4DAEBA92A14080100ACBDD9 /* RequestMethod.swift */ = {isa = PBXFileReference; fileEncoding = 4; lastKnownFileType = sourcecode.swift; path = RequestMethod.swift; sourceTree = "<group>"; };
		E4DAEBAC2A14080100ACBDD9 /* ServiceTargetProtocol.swift */ = {isa = PBXFileReference; fileEncoding = 4; lastKnownFileType = sourcecode.swift; path = ServiceTargetProtocol.swift; sourceTree = "<group>"; };
		E4DAEBAD2A14080100ACBDD9 /* APIProtocol.swift */ = {isa = PBXFileReference; fileEncoding = 4; lastKnownFileType = sourcecode.swift; path = APIProtocol.swift; sourceTree = "<group>"; };
		E4DAEBAE2A14080100ACBDD9 /* URLSessionProtocol.swift */ = {isa = PBXFileReference; fileEncoding = 4; lastKnownFileType = sourcecode.swift; path = URLSessionProtocol.swift; sourceTree = "<group>"; };
		E4DAEBBA2A14093400ACBDD9 /* APIKeys.swift */ = {isa = PBXFileReference; fileEncoding = 4; lastKnownFileType = sourcecode.swift; path = APIKeys.swift; sourceTree = "<group>"; };
		E4F015ED2A140742001C175B /* MovieDB.app */ = {isa = PBXFileReference; explicitFileType = wrapper.application; includeInIndex = 0; path = MovieDB.app; sourceTree = BUILT_PRODUCTS_DIR; };
		E4F015F02A140742001C175B /* MovieDBApp.swift */ = {isa = PBXFileReference; lastKnownFileType = sourcecode.swift; path = MovieDBApp.swift; sourceTree = "<group>"; };
		E4F015F22A140742001C175B /* ContentView.swift */ = {isa = PBXFileReference; lastKnownFileType = sourcecode.swift; path = ContentView.swift; sourceTree = "<group>"; };
		E4F015F42A140743001C175B /* Assets.xcassets */ = {isa = PBXFileReference; lastKnownFileType = folder.assetcatalog; path = Assets.xcassets; sourceTree = "<group>"; };
		E4F015F72A140743001C175B /* Preview Assets.xcassets */ = {isa = PBXFileReference; lastKnownFileType = folder.assetcatalog; path = "Preview Assets.xcassets"; sourceTree = "<group>"; };
		E4F015FD2A140743001C175B /* MovieDBTests.xctest */ = {isa = PBXFileReference; explicitFileType = wrapper.cfbundle; includeInIndex = 0; path = MovieDBTests.xctest; sourceTree = BUILT_PRODUCTS_DIR; };
		E4F016012A140743001C175B /* MovieDBTests.swift */ = {isa = PBXFileReference; lastKnownFileType = sourcecode.swift; path = MovieDBTests.swift; sourceTree = "<group>"; };
		E4F016072A140743001C175B /* MovieDBUITests.xctest */ = {isa = PBXFileReference; explicitFileType = wrapper.cfbundle; includeInIndex = 0; path = MovieDBUITests.xctest; sourceTree = BUILT_PRODUCTS_DIR; };
		E4F0160B2A140743001C175B /* MovieDBUITests.swift */ = {isa = PBXFileReference; lastKnownFileType = sourcecode.swift; path = MovieDBUITests.swift; sourceTree = "<group>"; };
		E4F0160D2A140743001C175B /* MovieDBUITestsLaunchTests.swift */ = {isa = PBXFileReference; lastKnownFileType = sourcecode.swift; path = MovieDBUITestsLaunchTests.swift; sourceTree = "<group>"; };
/* End PBXFileReference section */

/* Begin PBXFrameworksBuildPhase section */
		E4F015EA2A140742001C175B /* Frameworks */ = {
			isa = PBXFrameworksBuildPhase;
			buildActionMask = 2147483647;
			files = (
			);
			runOnlyForDeploymentPostprocessing = 0;
		};
		E4F015FA2A140743001C175B /* Frameworks */ = {
			isa = PBXFrameworksBuildPhase;
			buildActionMask = 2147483647;
			files = (
			);
			runOnlyForDeploymentPostprocessing = 0;
		};
		E4F016042A140743001C175B /* Frameworks */ = {
			isa = PBXFrameworksBuildPhase;
			buildActionMask = 2147483647;
			files = (
			);
			runOnlyForDeploymentPostprocessing = 0;
		};
/* End PBXFrameworksBuildPhase section */

/* Begin PBXGroup section */
		E488876B2A140A830054D474 /* Model */ = {
			isa = PBXGroup;
			children = (
				E488876C2A140A830054D474 /* Genres.swift */,
				E488876D2A140A830054D474 /* Movies.swift */,
			);
			path = Model;
			sourceTree = "<group>";
		};
		E488876E2A140A830054D474 /* Service */ = {
			isa = PBXGroup;
			children = (
				E488876F2A140A830054D474 /* MoviesService.swift */,
				E48887702A140A830054D474 /* MovieGenresService.swift */,
			);
			path = Service;
			sourceTree = "<group>";
		};
		E4DAEBA22A14080100ACBDD9 /* Network */ = {
			isa = PBXGroup;
			children = (
				E4DAEBA42A14080100ACBDD9 /* APIClient.swift */,
				E4DAEBA92A14080100ACBDD9 /* RequestMethod.swift */,
				E4DAEBA32A14080100ACBDD9 /* APIError.swift */,
				E48887692A140A720054D474 /* API.swift */,
				E4DAEBA52A14080100ACBDD9 /* Extensions */,
				E4DAEBAB2A14080100ACBDD9 /* Protocols */,
				E4DAEBB92A14081D00ACBDD9 /* APIKey */,
			);
			path = Network;
			sourceTree = "<group>";
		};
		E4DAEBA52A14080100ACBDD9 /* Extensions */ = {
			isa = PBXGroup;
			children = (
				E4DAEBA62A14080100ACBDD9 /* URLRequest+Extensions.swift */,
				E4DAEBA72A14080100ACBDD9 /* URL+Extensions.swift */,
				E4DAEBA82A14080100ACBDD9 /* URLResponse+Extensions.swift */,
			);
			path = Extensions;
			sourceTree = "<group>";
		};
		E4DAEBAB2A14080100ACBDD9 /* Protocols */ = {
			isa = PBXGroup;
			children = (
				E4DAEBAD2A14080100ACBDD9 /* APIProtocol.swift */,
				E4DAEBAC2A14080100ACBDD9 /* ServiceTargetProtocol.swift */,
				E4DAEBAE2A14080100ACBDD9 /* URLSessionProtocol.swift */,
			);
			path = Protocols;
			sourceTree = "<group>";
		};
		E4DAEBB92A14081D00ACBDD9 /* APIKey */ = {
			isa = PBXGroup;
			children = (
				E4DAEBBA2A14093400ACBDD9 /* APIKeys.swift */,
			);
			path = APIKey;
			sourceTree = "<group>";
		};
		E4F015E42A140742001C175B = {
			isa = PBXGroup;
			children = (
				E4F015EF2A140742001C175B /* MovieDB */,
				E4F016002A140743001C175B /* MovieDBTests */,
				E4F0160A2A140743001C175B /* MovieDBUITests */,
				E4F015EE2A140742001C175B /* Products */,
			);
			sourceTree = "<group>";
		};
		E4F015EE2A140742001C175B /* Products */ = {
			isa = PBXGroup;
			children = (
				E4F015ED2A140742001C175B /* MovieDB.app */,
				E4F015FD2A140743001C175B /* MovieDBTests.xctest */,
				E4F016072A140743001C175B /* MovieDBUITests.xctest */,
			);
			name = Products;
			sourceTree = "<group>";
		};
		E4F015EF2A140742001C175B /* MovieDB */ = {
			isa = PBXGroup;
			children = (
				E4DAEBA22A14080100ACBDD9 /* Network */,
				E488876B2A140A830054D474 /* Model */,
				E488876E2A140A830054D474 /* Service */,
				E4F015F02A140742001C175B /* MovieDBApp.swift */,
				E4F015F22A140742001C175B /* ContentView.swift */,
				E4F015F42A140743001C175B /* Assets.xcassets */,
				E4F015F62A140743001C175B /* Preview Content */,
			);
			path = MovieDB;
			sourceTree = "<group>";
		};
		E4F015F62A140743001C175B /* Preview Content */ = {
			isa = PBXGroup;
			children = (
				E4F015F72A140743001C175B /* Preview Assets.xcassets */,
			);
			path = "Preview Content";
			sourceTree = "<group>";
		};
		E4F016002A140743001C175B /* MovieDBTests */ = {
			isa = PBXGroup;
			children = (
				E4F016012A140743001C175B /* MovieDBTests.swift */,
			);
			path = MovieDBTests;
			sourceTree = "<group>";
		};
		E4F0160A2A140743001C175B /* MovieDBUITests */ = {
			isa = PBXGroup;
			children = (
				E4F0160B2A140743001C175B /* MovieDBUITests.swift */,
				E4F0160D2A140743001C175B /* MovieDBUITestsLaunchTests.swift */,
			);
			path = MovieDBUITests;
			sourceTree = "<group>";
		};
/* End PBXGroup section */

/* Begin PBXNativeTarget section */
		E4F015EC2A140742001C175B /* MovieDB */ = {
			isa = PBXNativeTarget;
			buildConfigurationList = E4F016112A140743001C175B /* Build configuration list for PBXNativeTarget "MovieDB" */;
			buildPhases = (
				E4F015E92A140742001C175B /* Sources */,
				E4F015EA2A140742001C175B /* Frameworks */,
				E4F015EB2A140742001C175B /* Resources */,
			);
			buildRules = (
			);
			dependencies = (
			);
			name = MovieDB;
			productName = MovieDB;
			productReference = E4F015ED2A140742001C175B /* MovieDB.app */;
			productType = "com.apple.product-type.application";
		};
		E4F015FC2A140743001C175B /* MovieDBTests */ = {
			isa = PBXNativeTarget;
			buildConfigurationList = E4F016142A140743001C175B /* Build configuration list for PBXNativeTarget "MovieDBTests" */;
			buildPhases = (
				E4F015F92A140743001C175B /* Sources */,
				E4F015FA2A140743001C175B /* Frameworks */,
				E4F015FB2A140743001C175B /* Resources */,
			);
			buildRules = (
			);
			dependencies = (
				E4F015FF2A140743001C175B /* PBXTargetDependency */,
			);
			name = MovieDBTests;
			productName = MovieDBTests;
			productReference = E4F015FD2A140743001C175B /* MovieDBTests.xctest */;
			productType = "com.apple.product-type.bundle.unit-test";
		};
		E4F016062A140743001C175B /* MovieDBUITests */ = {
			isa = PBXNativeTarget;
			buildConfigurationList = E4F016172A140743001C175B /* Build configuration list for PBXNativeTarget "MovieDBUITests" */;
			buildPhases = (
				E4F016032A140743001C175B /* Sources */,
				E4F016042A140743001C175B /* Frameworks */,
				E4F016052A140743001C175B /* Resources */,
			);
			buildRules = (
			);
			dependencies = (
				E4F016092A140743001C175B /* PBXTargetDependency */,
			);
			name = MovieDBUITests;
			productName = MovieDBUITests;
			productReference = E4F016072A140743001C175B /* MovieDBUITests.xctest */;
			productType = "com.apple.product-type.bundle.ui-testing";
		};
/* End PBXNativeTarget section */

/* Begin PBXProject section */
		E4F015E52A140742001C175B /* Project object */ = {
			isa = PBXProject;
			attributes = {
				BuildIndependentTargetsInParallel = 1;
				LastSwiftUpdateCheck = 1430;
				LastUpgradeCheck = 1430;
				TargetAttributes = {
					E4F015EC2A140742001C175B = {
						CreatedOnToolsVersion = 14.3;
					};
					E4F015FC2A140743001C175B = {
						CreatedOnToolsVersion = 14.3;
						TestTargetID = E4F015EC2A140742001C175B;
					};
					E4F016062A140743001C175B = {
						CreatedOnToolsVersion = 14.3;
						TestTargetID = E4F015EC2A140742001C175B;
					};
				};
			};
			buildConfigurationList = E4F015E82A140742001C175B /* Build configuration list for PBXProject "MovieDB" */;
			compatibilityVersion = "Xcode 14.0";
			developmentRegion = en;
			hasScannedForEncodings = 0;
			knownRegions = (
				en,
				Base,
			);
			mainGroup = E4F015E42A140742001C175B;
			productRefGroup = E4F015EE2A140742001C175B /* Products */;
			projectDirPath = "";
			projectRoot = "";
			targets = (
				E4F015EC2A140742001C175B /* MovieDB */,
				E4F015FC2A140743001C175B /* MovieDBTests */,
				E4F016062A140743001C175B /* MovieDBUITests */,
			);
		};
/* End PBXProject section */

/* Begin PBXResourcesBuildPhase section */
		E4F015EB2A140742001C175B /* Resources */ = {
			isa = PBXResourcesBuildPhase;
			buildActionMask = 2147483647;
			files = (
				E4F015F82A140743001C175B /* Preview Assets.xcassets in Resources */,
				E4F015F52A140743001C175B /* Assets.xcassets in Resources */,
			);
			runOnlyForDeploymentPostprocessing = 0;
		};
		E4F015FB2A140743001C175B /* Resources */ = {
			isa = PBXResourcesBuildPhase;
			buildActionMask = 2147483647;
			files = (
			);
			runOnlyForDeploymentPostprocessing = 0;
		};
		E4F016052A140743001C175B /* Resources */ = {
			isa = PBXResourcesBuildPhase;
			buildActionMask = 2147483647;
			files = (
			);
			runOnlyForDeploymentPostprocessing = 0;
		};
/* End PBXResourcesBuildPhase section */

/* Begin PBXSourcesBuildPhase section */
		E4F015E92A140742001C175B /* Sources */ = {
			isa = PBXSourcesBuildPhase;
			buildActionMask = 2147483647;
			files = (
				E4DAEBB82A14080100ACBDD9 /* URLSessionProtocol.swift in Sources */,
				E4DAEBB42A14080100ACBDD9 /* RequestMethod.swift in Sources */,
				E48887732A140A830054D474 /* MoviesService.swift in Sources */,
				E48887742A140A830054D474 /* MovieGenresService.swift in Sources */,
				E4DAEBBB2A14093400ACBDD9 /* APIKeys.swift in Sources */,
				E4F015F32A140742001C175B /* ContentView.swift in Sources */,
				E4DAEBB72A14080100ACBDD9 /* APIProtocol.swift in Sources */,
				E48887722A140A830054D474 /* Movies.swift in Sources */,
				E4DAEBB22A14080100ACBDD9 /* URL+Extensions.swift in Sources */,
				E4F015F12A140742001C175B /* MovieDBApp.swift in Sources */,
				E4DAEBB62A14080100ACBDD9 /* ServiceTargetProtocol.swift in Sources */,
				E488876A2A140A720054D474 /* API.swift in Sources */,
				E48887712A140A830054D474 /* Genres.swift in Sources */,
				E4DAEBB32A14080100ACBDD9 /* URLResponse+Extensions.swift in Sources */,
				E4DAEBAF2A14080100ACBDD9 /* APIError.swift in Sources */,
				E4DAEBB12A14080100ACBDD9 /* URLRequest+Extensions.swift in Sources */,
				E4DAEBB02A14080100ACBDD9 /* APIClient.swift in Sources */,
			);
			runOnlyForDeploymentPostprocessing = 0;
		};
		E4F015F92A140743001C175B /* Sources */ = {
			isa = PBXSourcesBuildPhase;
			buildActionMask = 2147483647;
			files = (
				E4F016022A140743001C175B /* MovieDBTests.swift in Sources */,
			);
			runOnlyForDeploymentPostprocessing = 0;
		};
		E4F016032A140743001C175B /* Sources */ = {
			isa = PBXSourcesBuildPhase;
			buildActionMask = 2147483647;
			files = (
				E4F0160C2A140743001C175B /* MovieDBUITests.swift in Sources */,
				E4F0160E2A140743001C175B /* MovieDBUITestsLaunchTests.swift in Sources */,
			);
			runOnlyForDeploymentPostprocessing = 0;
		};
/* End PBXSourcesBuildPhase section */

/* Begin PBXTargetDependency section */
		E4F015FF2A140743001C175B /* PBXTargetDependency */ = {
			isa = PBXTargetDependency;
			target = E4F015EC2A140742001C175B /* MovieDB */;
			targetProxy = E4F015FE2A140743001C175B /* PBXContainerItemProxy */;
		};
		E4F016092A140743001C175B /* PBXTargetDependency */ = {
			isa = PBXTargetDependency;
			target = E4F015EC2A140742001C175B /* MovieDB */;
			targetProxy = E4F016082A140743001C175B /* PBXContainerItemProxy */;
		};
/* End PBXTargetDependency section */

/* Begin XCBuildConfiguration section */
		E4F0160F2A140743001C175B /* Debug */ = {
			isa = XCBuildConfiguration;
			buildSettings = {
				ALWAYS_SEARCH_USER_PATHS = NO;
				CLANG_ANALYZER_NONNULL = YES;
				CLANG_ANALYZER_NUMBER_OBJECT_CONVERSION = YES_AGGRESSIVE;
				CLANG_CXX_LANGUAGE_STANDARD = "gnu++20";
				CLANG_ENABLE_MODULES = YES;
				CLANG_ENABLE_OBJC_ARC = YES;
				CLANG_ENABLE_OBJC_WEAK = YES;
				CLANG_WARN_BLOCK_CAPTURE_AUTORELEASING = YES;
				CLANG_WARN_BOOL_CONVERSION = YES;
				CLANG_WARN_COMMA = YES;
				CLANG_WARN_CONSTANT_CONVERSION = YES;
				CLANG_WARN_DEPRECATED_OBJC_IMPLEMENTATIONS = YES;
				CLANG_WARN_DIRECT_OBJC_ISA_USAGE = YES_ERROR;
				CLANG_WARN_DOCUMENTATION_COMMENTS = YES;
				CLANG_WARN_EMPTY_BODY = YES;
				CLANG_WARN_ENUM_CONVERSION = YES;
				CLANG_WARN_INFINITE_RECURSION = YES;
				CLANG_WARN_INT_CONVERSION = YES;
				CLANG_WARN_NON_LITERAL_NULL_CONVERSION = YES;
				CLANG_WARN_OBJC_IMPLICIT_RETAIN_SELF = YES;
				CLANG_WARN_OBJC_LITERAL_CONVERSION = YES;
				CLANG_WARN_OBJC_ROOT_CLASS = YES_ERROR;
				CLANG_WARN_QUOTED_INCLUDE_IN_FRAMEWORK_HEADER = YES;
				CLANG_WARN_RANGE_LOOP_ANALYSIS = YES;
				CLANG_WARN_STRICT_PROTOTYPES = YES;
				CLANG_WARN_SUSPICIOUS_MOVE = YES;
				CLANG_WARN_UNGUARDED_AVAILABILITY = YES_AGGRESSIVE;
				CLANG_WARN_UNREACHABLE_CODE = YES;
				CLANG_WARN__DUPLICATE_METHOD_MATCH = YES;
				COPY_PHASE_STRIP = NO;
				DEBUG_INFORMATION_FORMAT = dwarf;
				ENABLE_STRICT_OBJC_MSGSEND = YES;
				ENABLE_TESTABILITY = YES;
				GCC_C_LANGUAGE_STANDARD = gnu11;
				GCC_DYNAMIC_NO_PIC = NO;
				GCC_NO_COMMON_BLOCKS = YES;
				GCC_OPTIMIZATION_LEVEL = 0;
				GCC_PREPROCESSOR_DEFINITIONS = (
					"DEBUG=1",
					"$(inherited)",
				);
				GCC_WARN_64_TO_32_BIT_CONVERSION = YES;
				GCC_WARN_ABOUT_RETURN_TYPE = YES_ERROR;
				GCC_WARN_UNDECLARED_SELECTOR = YES;
				GCC_WARN_UNINITIALIZED_AUTOS = YES_AGGRESSIVE;
				GCC_WARN_UNUSED_FUNCTION = YES;
				GCC_WARN_UNUSED_VARIABLE = YES;
				IPHONEOS_DEPLOYMENT_TARGET = 16.4;
				MTL_ENABLE_DEBUG_INFO = INCLUDE_SOURCE;
				MTL_FAST_MATH = YES;
				ONLY_ACTIVE_ARCH = YES;
				SDKROOT = iphoneos;
				SWIFT_ACTIVE_COMPILATION_CONDITIONS = DEBUG;
				SWIFT_OPTIMIZATION_LEVEL = "-Onone";
			};
			name = Debug;
		};
		E4F016102A140743001C175B /* Release */ = {
			isa = XCBuildConfiguration;
			buildSettings = {
				ALWAYS_SEARCH_USER_PATHS = NO;
				CLANG_ANALYZER_NONNULL = YES;
				CLANG_ANALYZER_NUMBER_OBJECT_CONVERSION = YES_AGGRESSIVE;
				CLANG_CXX_LANGUAGE_STANDARD = "gnu++20";
				CLANG_ENABLE_MODULES = YES;
				CLANG_ENABLE_OBJC_ARC = YES;
				CLANG_ENABLE_OBJC_WEAK = YES;
				CLANG_WARN_BLOCK_CAPTURE_AUTORELEASING = YES;
				CLANG_WARN_BOOL_CONVERSION = YES;
				CLANG_WARN_COMMA = YES;
				CLANG_WARN_CONSTANT_CONVERSION = YES;
				CLANG_WARN_DEPRECATED_OBJC_IMPLEMENTATIONS = YES;
				CLANG_WARN_DIRECT_OBJC_ISA_USAGE = YES_ERROR;
				CLANG_WARN_DOCUMENTATION_COMMENTS = YES;
				CLANG_WARN_EMPTY_BODY = YES;
				CLANG_WARN_ENUM_CONVERSION = YES;
				CLANG_WARN_INFINITE_RECURSION = YES;
				CLANG_WARN_INT_CONVERSION = YES;
				CLANG_WARN_NON_LITERAL_NULL_CONVERSION = YES;
				CLANG_WARN_OBJC_IMPLICIT_RETAIN_SELF = YES;
				CLANG_WARN_OBJC_LITERAL_CONVERSION = YES;
				CLANG_WARN_OBJC_ROOT_CLASS = YES_ERROR;
				CLANG_WARN_QUOTED_INCLUDE_IN_FRAMEWORK_HEADER = YES;
				CLANG_WARN_RANGE_LOOP_ANALYSIS = YES;
				CLANG_WARN_STRICT_PROTOTYPES = YES;
				CLANG_WARN_SUSPICIOUS_MOVE = YES;
				CLANG_WARN_UNGUARDED_AVAILABILITY = YES_AGGRESSIVE;
				CLANG_WARN_UNREACHABLE_CODE = YES;
				CLANG_WARN__DUPLICATE_METHOD_MATCH = YES;
				COPY_PHASE_STRIP = NO;
				DEBUG_INFORMATION_FORMAT = "dwarf-with-dsym";
				ENABLE_NS_ASSERTIONS = NO;
				ENABLE_STRICT_OBJC_MSGSEND = YES;
				GCC_C_LANGUAGE_STANDARD = gnu11;
				GCC_NO_COMMON_BLOCKS = YES;
				GCC_WARN_64_TO_32_BIT_CONVERSION = YES;
				GCC_WARN_ABOUT_RETURN_TYPE = YES_ERROR;
				GCC_WARN_UNDECLARED_SELECTOR = YES;
				GCC_WARN_UNINITIALIZED_AUTOS = YES_AGGRESSIVE;
				GCC_WARN_UNUSED_FUNCTION = YES;
				GCC_WARN_UNUSED_VARIABLE = YES;
				IPHONEOS_DEPLOYMENT_TARGET = 16.4;
				MTL_ENABLE_DEBUG_INFO = NO;
				MTL_FAST_MATH = YES;
				SDKROOT = iphoneos;
				SWIFT_COMPILATION_MODE = wholemodule;
				SWIFT_OPTIMIZATION_LEVEL = "-O";
				VALIDATE_PRODUCT = YES;
			};
			name = Release;
		};
		E4F016122A140743001C175B /* Debug */ = {
			isa = XCBuildConfiguration;
			buildSettings = {
				ASSETCATALOG_COMPILER_APPICON_NAME = AppIcon;
				ASSETCATALOG_COMPILER_GLOBAL_ACCENT_COLOR_NAME = AccentColor;
				CODE_SIGN_STYLE = Automatic;
				CURRENT_PROJECT_VERSION = 1;
				DEVELOPMENT_ASSET_PATHS = "\"MovieDB/Preview Content\"";
				DEVELOPMENT_TEAM = 4473R8PQA5;
				ENABLE_PREVIEWS = YES;
				GENERATE_INFOPLIST_FILE = YES;
				INFOPLIST_KEY_UIApplicationSceneManifest_Generation = YES;
				INFOPLIST_KEY_UIApplicationSupportsIndirectInputEvents = YES;
				INFOPLIST_KEY_UILaunchScreen_Generation = YES;
				INFOPLIST_KEY_UISupportedInterfaceOrientations_iPad = "UIInterfaceOrientationPortrait UIInterfaceOrientationPortraitUpsideDown UIInterfaceOrientationLandscapeLeft UIInterfaceOrientationLandscapeRight";
				INFOPLIST_KEY_UISupportedInterfaceOrientations_iPhone = "UIInterfaceOrientationPortrait UIInterfaceOrientationLandscapeLeft UIInterfaceOrientationLandscapeRight";
				LD_RUNPATH_SEARCH_PATHS = (
					"$(inherited)",
					"@executable_path/Frameworks",
				);
				MARKETING_VERSION = 1.0;
				PRODUCT_BUNDLE_IDENTIFIER = dev.fabiosalata.MovieDB;
				PRODUCT_NAME = "$(TARGET_NAME)";
				SWIFT_EMIT_LOC_STRINGS = YES;
				SWIFT_VERSION = 5.0;
				TARGETED_DEVICE_FAMILY = "1,2";
			};
			name = Debug;
		};
		E4F016132A140743001C175B /* Release */ = {
			isa = XCBuildConfiguration;
			buildSettings = {
				ASSETCATALOG_COMPILER_APPICON_NAME = AppIcon;
				ASSETCATALOG_COMPILER_GLOBAL_ACCENT_COLOR_NAME = AccentColor;
				CODE_SIGN_STYLE = Automatic;
				CURRENT_PROJECT_VERSION = 1;
				DEVELOPMENT_ASSET_PATHS = "\"MovieDB/Preview Content\"";
				DEVELOPMENT_TEAM = 4473R8PQA5;
				ENABLE_PREVIEWS = YES;
				GENERATE_INFOPLIST_FILE = YES;
				INFOPLIST_KEY_UIApplicationSceneManifest_Generation = YES;
				INFOPLIST_KEY_UIApplicationSupportsIndirectInputEvents = YES;
				INFOPLIST_KEY_UILaunchScreen_Generation = YES;
				INFOPLIST_KEY_UISupportedInterfaceOrientations_iPad = "UIInterfaceOrientationPortrait UIInterfaceOrientationPortraitUpsideDown UIInterfaceOrientationLandscapeLeft UIInterfaceOrientationLandscapeRight";
				INFOPLIST_KEY_UISupportedInterfaceOrientations_iPhone = "UIInterfaceOrientationPortrait UIInterfaceOrientationLandscapeLeft UIInterfaceOrientationLandscapeRight";
				LD_RUNPATH_SEARCH_PATHS = (
					"$(inherited)",
					"@executable_path/Frameworks",
				);
				MARKETING_VERSION = 1.0;
				PRODUCT_BUNDLE_IDENTIFIER = dev.fabiosalata.MovieDB;
				PRODUCT_NAME = "$(TARGET_NAME)";
				SWIFT_EMIT_LOC_STRINGS = YES;
				SWIFT_VERSION = 5.0;
				TARGETED_DEVICE_FAMILY = "1,2";
			};
			name = Release;
		};
		E4F016152A140743001C175B /* Debug */ = {
			isa = XCBuildConfiguration;
			buildSettings = {
				ALWAYS_EMBED_SWIFT_STANDARD_LIBRARIES = YES;
				BUNDLE_LOADER = "$(TEST_HOST)";
				CODE_SIGN_STYLE = Automatic;
				CURRENT_PROJECT_VERSION = 1;
				DEVELOPMENT_TEAM = 4473R8PQA5;
				GENERATE_INFOPLIST_FILE = YES;
				IPHONEOS_DEPLOYMENT_TARGET = 16.4;
				MARKETING_VERSION = 1.0;
				PRODUCT_BUNDLE_IDENTIFIER = dev.fabiosalata.MovieDBTests;
				PRODUCT_NAME = "$(TARGET_NAME)";
				SWIFT_EMIT_LOC_STRINGS = NO;
				SWIFT_VERSION = 5.0;
				TARGETED_DEVICE_FAMILY = "1,2";
				TEST_HOST = "$(BUILT_PRODUCTS_DIR)/MovieDB.app/$(BUNDLE_EXECUTABLE_FOLDER_PATH)/MovieDB";
			};
			name = Debug;
		};
		E4F016162A140743001C175B /* Release */ = {
			isa = XCBuildConfiguration;
			buildSettings = {
				ALWAYS_EMBED_SWIFT_STANDARD_LIBRARIES = YES;
				BUNDLE_LOADER = "$(TEST_HOST)";
				CODE_SIGN_STYLE = Automatic;
				CURRENT_PROJECT_VERSION = 1;
				DEVELOPMENT_TEAM = 4473R8PQA5;
				GENERATE_INFOPLIST_FILE = YES;
				IPHONEOS_DEPLOYMENT_TARGET = 16.4;
				MARKETING_VERSION = 1.0;
				PRODUCT_BUNDLE_IDENTIFIER = dev.fabiosalata.MovieDBTests;
				PRODUCT_NAME = "$(TARGET_NAME)";
				SWIFT_EMIT_LOC_STRINGS = NO;
				SWIFT_VERSION = 5.0;
				TARGETED_DEVICE_FAMILY = "1,2";
				TEST_HOST = "$(BUILT_PRODUCTS_DIR)/MovieDB.app/$(BUNDLE_EXECUTABLE_FOLDER_PATH)/MovieDB";
			};
			name = Release;
		};
		E4F016182A140743001C175B /* Debug */ = {
			isa = XCBuildConfiguration;
			buildSettings = {
				ALWAYS_EMBED_SWIFT_STANDARD_LIBRARIES = YES;
				CODE_SIGN_STYLE = Automatic;
				CURRENT_PROJECT_VERSION = 1;
				DEVELOPMENT_TEAM = 4473R8PQA5;
				GENERATE_INFOPLIST_FILE = YES;
				MARKETING_VERSION = 1.0;
				PRODUCT_BUNDLE_IDENTIFIER = dev.fabiosalata.MovieDBUITests;
				PRODUCT_NAME = "$(TARGET_NAME)";
				SWIFT_EMIT_LOC_STRINGS = NO;
				SWIFT_VERSION = 5.0;
				TARGETED_DEVICE_FAMILY = "1,2";
				TEST_TARGET_NAME = MovieDB;
			};
			name = Debug;
		};
		E4F016192A140743001C175B /* Release */ = {
			isa = XCBuildConfiguration;
			buildSettings = {
				ALWAYS_EMBED_SWIFT_STANDARD_LIBRARIES = YES;
				CODE_SIGN_STYLE = Automatic;
				CURRENT_PROJECT_VERSION = 1;
				DEVELOPMENT_TEAM = 4473R8PQA5;
				GENERATE_INFOPLIST_FILE = YES;
				MARKETING_VERSION = 1.0;
				PRODUCT_BUNDLE_IDENTIFIER = dev.fabiosalata.MovieDBUITests;
				PRODUCT_NAME = "$(TARGET_NAME)";
				SWIFT_EMIT_LOC_STRINGS = NO;
				SWIFT_VERSION = 5.0;
				TARGETED_DEVICE_FAMILY = "1,2";
				TEST_TARGET_NAME = MovieDB;
			};
			name = Release;
		};
/* End XCBuildConfiguration section */

/* Begin XCConfigurationList section */
		E4F015E82A140742001C175B /* Build configuration list for PBXProject "MovieDB" */ = {
			isa = XCConfigurationList;
			buildConfigurations = (
				E4F0160F2A140743001C175B /* Debug */,
				E4F016102A140743001C175B /* Release */,
			);
			defaultConfigurationIsVisible = 0;
			defaultConfigurationName = Release;
		};
		E4F016112A140743001C175B /* Build configuration list for PBXNativeTarget "MovieDB" */ = {
			isa = XCConfigurationList;
			buildConfigurations = (
				E4F016122A140743001C175B /* Debug */,
				E4F016132A140743001C175B /* Release */,
			);
			defaultConfigurationIsVisible = 0;
			defaultConfigurationName = Release;
		};
		E4F016142A140743001C175B /* Build configuration list for PBXNativeTarget "MovieDBTests" */ = {
			isa = XCConfigurationList;
			buildConfigurations = (
				E4F016152A140743001C175B /* Debug */,
				E4F016162A140743001C175B /* Release */,
			);
			defaultConfigurationIsVisible = 0;
			defaultConfigurationName = Release;
		};
		E4F016172A140743001C175B /* Build configuration list for PBXNativeTarget "MovieDBUITests" */ = {
			isa = XCConfigurationList;
			buildConfigurations = (
				E4F016182A140743001C175B /* Debug */,
				E4F016192A140743001C175B /* Release */,
			);
			defaultConfigurationIsVisible = 0;
			defaultConfigurationName = Release;
		};
/* End XCConfigurationList section */
	};
	rootObject = E4F015E52A140742001C175B /* Project object */;
}
